{
  "name": "@zhishinet-types/react-onsenui",
  "version": "0.0.3",
  "lockfileVersion": 1,
  "requires": true,
  "dependencies": {
    "@types/react": {
      "version": "15.0.38",
      "resolved": "https://registry.npmjs.org/@types/react/-/react-15.0.38.tgz",
      "integrity": "sha512-CkRB27L/kMDu7K20U0V7BwYK9/kPd9Im6Jlxv2vAEolYBvQy6JrSpPJsbZXtOk4MoDUomkct8Q7PNBUSLd0fmg=="
    }
  }
}
